
Microsoft Visual Studio Solution File, Format Version 12.00
# Visual Studio Version 17
VisualStudioVersion = 17.14.36221.1 d17.14
MinimumVisualStudioVersion = 10.0.40219.1
Project("{FAE04EC0-301F-11D3-BF4B-00C04F79EFBC}") = "TerrainViewer", "TerrainViewer\TerrainViewer.csproj", "{1842910D-3FCE-448D-A5C0-C3F564E67DFF}"
EndProject
Global
	GlobalSection(SolutionConfigurationPlatforms) = preSolution
		Debug|Any CPU = Debug|Any CPU
		Release|Any CPU = Release|Any CPU
	EndGlobalSection
	GlobalSection(ProjectConfigurationPlatforms) = postSolution
		{1842910D-3FCE-448D-A5C0-C3F564E67DFF}.Debug|Any CPU.ActiveCfg = Debug|Any CPU
		{1842910D-3FCE-448D-A5C0-C3F564E67DFF}.Debug|Any CPU.Build.0 = Debug|Any CPU
		{1842910D-3FCE-448D-A5C0-C3F564E67DFF}.Release|Any CPU.ActiveCfg = Release|Any CPU
		{1842910D-3FCE-448D-A5C0-C3F564E67DFF}.Release|Any CPU.Build.0 = Release|Any CPU
	EndGlobalSection
	GlobalSection(SolutionProperties) = preSolution
		HideSolutionNode = FALSE
	EndGlobalSection
	GlobalSection(ExtensibilityGlobals) = postSolution
		SolutionGuid = {752DE1FD-61BE-48A3-9FF9-A58978E82945}
	EndGlobalSection
EndGlobal
